// !$*UTF8*$!
{
	archiveVersion = 1;
	classes = {
	};
	objectVersion = 55;
	objects = {

/* Begin PBXBuildFile section */
		CE042F862756D97F0029409B /* DetailView.swift in Sources */ = {isa = PBXBuildFile; fileRef = CE042F852756D97F0029409B /* DetailView.swift */; };
		CE042F8A2756DA0C0029409B /* Puzzle.swift in Sources */ = {isa = PBXBuildFile; fileRef = CE042F892756DA0C0029409B /* Puzzle.swift */; };
		CE042F8D2756DC090029409B /* PuzzleList.swift in Sources */ = {isa = PBXBuildFile; fileRef = CE042F8C2756DC090029409B /* PuzzleList.swift */; };
		CE042F8F2756DC150029409B /* PuzzleRow.swift in Sources */ = {isa = PBXBuildFile; fileRef = CE042F8E2756DC150029409B /* PuzzleRow.swift */; };
		CEF5E3912756C2CA006DC3CD /* AoC_2021App.swift in Sources */ = {isa = PBXBuildFile; fileRef = CEF5E3902756C2CA006DC3CD /* AoC_2021App.swift */; };
		CEF5E3932756C2CA006DC3CD /* ContentView.swift in Sources */ = {isa = PBXBuildFile; fileRef = CEF5E3922756C2CA006DC3CD /* ContentView.swift */; };
		CEF5E3952756C2CA006DC3CD /* Assets.xcassets in Resources */ = {isa = PBXBuildFile; fileRef = CEF5E3942756C2CA006DC3CD /* Assets.xcassets */; };
		CEF5E3982756C2CA006DC3CD /* Preview Assets.xcassets in Resources */ = {isa = PBXBuildFile; fileRef = CEF5E3972756C2CA006DC3CD /* Preview Assets.xcassets */; };
		CEF5E3A22756C2CB006DC3CD /* AoC_2021Tests.swift in Sources */ = {isa = PBXBuildFile; fileRef = CEF5E3A12756C2CB006DC3CD /* AoC_2021Tests.swift */; };
		CEF5E3AC2756C2CB006DC3CD /* AoC_2021UITests.swift in Sources */ = {isa = PBXBuildFile; fileRef = CEF5E3AB2756C2CB006DC3CD /* AoC_2021UITests.swift */; };
		CEF5E3AE2756C2CB006DC3CD /* AoC_2021UITestsLaunchTests.swift in Sources */ = {isa = PBXBuildFile; fileRef = CEF5E3AD2756C2CB006DC3CD /* AoC_2021UITestsLaunchTests.swift */; };
/* End PBXBuildFile section */

/* Begin PBXContainerItemProxy section */
		CEF5E39E2756C2CB006DC3CD /* PBXContainerItemProxy */ = {
			isa = PBXContainerItemProxy;
			containerPortal = CEF5E3852756C2CA006DC3CD /* Project object */;
			proxyType = 1;
			remoteGlobalIDString = CEF5E38C2756C2CA006DC3CD;
			remoteInfo = "AoC 2021";
		};
		CEF5E3A82756C2CB006DC3CD /* PBXContainerItemProxy */ = {
			isa = PBXContainerItemProxy;
			containerPortal = CEF5E3852756C2CA006DC3CD /* Project object */;
			proxyType = 1;
			remoteGlobalIDString = CEF5E38C2756C2CA006DC3CD;
			remoteInfo = "AoC 2021";
		};
/* End PBXContainerItemProxy section */

/* Begin PBXFileReference section */
		CE042F852756D97F0029409B /* DetailView.swift */ = {isa = PBXFileReference; lastKnownFileType = sourcecode.swift; path = DetailView.swift; sourceTree = "<group>"; };
		CE042F892756DA0C0029409B /* Puzzle.swift */ = {isa = PBXFileReference; lastKnownFileType = sourcecode.swift; path = Puzzle.swift; sourceTree = "<group>"; };
		CE042F8C2756DC090029409B /* PuzzleList.swift */ = {isa = PBXFileReference; lastKnownFileType = sourcecode.swift; path = PuzzleList.swift; sourceTree = "<group>"; };
		CE042F8E2756DC150029409B /* PuzzleRow.swift */ = {isa = PBXFileReference; lastKnownFileType = sourcecode.swift; path = PuzzleRow.swift; sourceTree = "<group>"; };
		CEF5E38D2756C2CA006DC3CD /* AoC 2021.app */ = {isa = PBXFileReference; explicitFileType = wrapper.application; includeInIndex = 0; path = "AoC 2021.app"; sourceTree = BUILT_PRODUCTS_DIR; };
		CEF5E3902756C2CA006DC3CD /* AoC_2021App.swift */ = {isa = PBXFileReference; lastKnownFileType = sourcecode.swift; path = AoC_2021App.swift; sourceTree = "<group>"; };
		CEF5E3922756C2CA006DC3CD /* ContentView.swift */ = {isa = PBXFileReference; lastKnownFileType = sourcecode.swift; path = ContentView.swift; sourceTree = "<group>"; };
		CEF5E3942756C2CA006DC3CD /* Assets.xcassets */ = {isa = PBXFileReference; lastKnownFileType = folder.assetcatalog; path = Assets.xcassets; sourceTree = "<group>"; };
		CEF5E3972756C2CA006DC3CD /* Preview Assets.xcassets */ = {isa = PBXFileReference; lastKnownFileType = folder.assetcatalog; path = "Preview Assets.xcassets"; sourceTree = "<group>"; };
		CEF5E39D2756C2CB006DC3CD /* AoC 2021Tests.xctest */ = {isa = PBXFileReference; explicitFileType = wrapper.cfbundle; includeInIndex = 0; path = "AoC 2021Tests.xctest"; sourceTree = BUILT_PRODUCTS_DIR; };
		CEF5E3A12756C2CB006DC3CD /* AoC_2021Tests.swift */ = {isa = PBXFileReference; lastKnownFileType = sourcecode.swift; path = AoC_2021Tests.swift; sourceTree = "<group>"; };
		CEF5E3A72756C2CB006DC3CD /* AoC 2021UITests.xctest */ = {isa = PBXFileReference; explicitFileType = wrapper.cfbundle; includeInIndex = 0; path = "AoC 2021UITests.xctest"; sourceTree = BUILT_PRODUCTS_DIR; };
		CEF5E3AB2756C2CB006DC3CD /* AoC_2021UITests.swift */ = {isa = PBXFileReference; lastKnownFileType = sourcecode.swift; path = AoC_2021UITests.swift; sourceTree = "<group>"; };
		CEF5E3AD2756C2CB006DC3CD /* AoC_2021UITestsLaunchTests.swift */ = {isa = PBXFileReference; lastKnownFileType = sourcecode.swift; path = AoC_2021UITestsLaunchTests.swift; sourceTree = "<group>"; };
/* End PBXFileReference section */

/* Begin PBXFrameworksBuildPhase section */
		CEF5E38A2756C2CA006DC3CD /* Frameworks */ = {
			isa = PBXFrameworksBuildPhase;
			buildActionMask = 2147483647;
			files = (
			);
			runOnlyForDeploymentPostprocessing = 0;
		};
		CEF5E39A2756C2CB006DC3CD /* Frameworks */ = {
			isa = PBXFrameworksBuildPhase;
			buildActionMask = 2147483647;
			files = (
			);
			runOnlyForDeploymentPostprocessing = 0;
		};
		CEF5E3A42756C2CB006DC3CD /* Frameworks */ = {
			isa = PBXFrameworksBuildPhase;
			buildActionMask = 2147483647;
			files = (
			);
			runOnlyForDeploymentPostprocessing = 0;
		};
/* End PBXFrameworksBuildPhase section */

/* Begin PBXGroup section */
		CE042F872756D9EE0029409B /* Model */ = {
			isa = PBXGroup;
			children = (
				CE042F892756DA0C0029409B /* Puzzle.swift */,
			);
			path = Model;
			sourceTree = "<group>";
		};
		CE042F882756D9FA0029409B /* Views */ = {
			isa = PBXGroup;
			children = (
				CEF5E3922756C2CA006DC3CD /* ContentView.swift */,
				CE042F852756D97F0029409B /* DetailView.swift */,
				CE042F8C2756DC090029409B /* PuzzleList.swift */,
				CE042F8E2756DC150029409B /* PuzzleRow.swift */,
			);
			path = Views;
			sourceTree = "<group>";
		};
		CE042F8B2756DAF70029409B /* Resources */ = {
			isa = PBXGroup;
			children = (
			);
			path = Resources;
			sourceTree = "<group>";
		};
		CEF5E3842756C2CA006DC3CD = {
			isa = PBXGroup;
			children = (
				CEF5E38F2756C2CA006DC3CD /* AoC 2021 */,
				CEF5E3A02756C2CB006DC3CD /* AoC 2021Tests */,
				CEF5E3AA2756C2CB006DC3CD /* AoC 2021UITests */,
				CEF5E38E2756C2CA006DC3CD /* Products */,
			);
			sourceTree = "<group>";
		};
		CEF5E38E2756C2CA006DC3CD /* Products */ = {
			isa = PBXGroup;
			children = (
				CEF5E38D2756C2CA006DC3CD /* AoC 2021.app */,
				CEF5E39D2756C2CB006DC3CD /* AoC 2021Tests.xctest */,
				CEF5E3A72756C2CB006DC3CD /* AoC 2021UITests.xctest */,
			);
			name = Products;
			sourceTree = "<group>";
		};
		CEF5E38F2756C2CA006DC3CD /* AoC 2021 */ = {
			isa = PBXGroup;
			children = (
				CE042F872756D9EE0029409B /* Model */,
				CE042F882756D9FA0029409B /* Views */,
				CE042F8B2756DAF70029409B /* Resources */,
				CEF5E3902756C2CA006DC3CD /* AoC_2021App.swift */,
				CEF5E3942756C2CA006DC3CD /* Assets.xcassets */,
				CEF5E3962756C2CA006DC3CD /* Preview Content */,
			);
			path = "AoC 2021";
			sourceTree = "<group>";
		};
		CEF5E3962756C2CA006DC3CD /* Preview Content */ = {
			isa = PBXGroup;
			children = (
				CEF5E3972756C2CA006DC3CD /* Preview Assets.xcassets */,
			);
			path = "Preview Content";
			sourceTree = "<group>";
		};
		CEF5E3A02756C2CB006DC3CD /* AoC 2021Tests */ = {
			isa = PBXGroup;
			children = (
				CEF5E3A12756C2CB006DC3CD /* AoC_2021Tests.swift */,
			);
			path = "AoC 2021Tests";
			sourceTree = "<group>";
		};
		CEF5E3AA2756C2CB006DC3CD /* AoC 2021UITests */ = {
			isa = PBXGroup;
			children = (
				CEF5E3AB2756C2CB006DC3CD /* AoC_2021UITests.swift */,
				CEF5E3AD2756C2CB006DC3CD /* AoC_2021UITestsLaunchTests.swift */,
			);
			path = "AoC 2021UITests";
			sourceTree = "<group>";
		};
/* End PBXGroup section */

/* Begin PBXNativeTarget section */
		CEF5E38C2756C2CA006DC3CD /* AoC 2021 */ = {
			isa = PBXNativeTarget;
			buildConfigurationList = CEF5E3B12756C2CB006DC3CD /* Build configuration list for PBXNativeTarget "AoC 2021" */;
			buildPhases = (
				CEF5E3892756C2CA006DC3CD /* Sources */,
				CEF5E38A2756C2CA006DC3CD /* Frameworks */,
				CEF5E38B2756C2CA006DC3CD /* Resources */,
			);
			buildRules = (
			);
			dependencies = (
			);
			name = "AoC 2021";
			productName = "AoC 2021";
			productReference = CEF5E38D2756C2CA006DC3CD /* AoC 2021.app */;
			productType = "com.apple.product-type.application";
		};
		CEF5E39C2756C2CB006DC3CD /* AoC 2021Tests */ = {
			isa = PBXNativeTarget;
			buildConfigurationList = CEF5E3B42756C2CB006DC3CD /* Build configuration list for PBXNativeTarget "AoC 2021Tests" */;
			buildPhases = (
				CEF5E3992756C2CB006DC3CD /* Sources */,
				CEF5E39A2756C2CB006DC3CD /* Frameworks */,
				CEF5E39B2756C2CB006DC3CD /* Resources */,
			);
			buildRules = (
			);
			dependencies = (
				CEF5E39F2756C2CB006DC3CD /* PBXTargetDependency */,
			);
			name = "AoC 2021Tests";
			productName = "AoC 2021Tests";
			productReference = CEF5E39D2756C2CB006DC3CD /* AoC 2021Tests.xctest */;
			productType = "com.apple.product-type.bundle.unit-test";
		};
		CEF5E3A62756C2CB006DC3CD /* AoC 2021UITests */ = {
			isa = PBXNativeTarget;
			buildConfigurationList = CEF5E3B72756C2CB006DC3CD /* Build configuration list for PBXNativeTarget "AoC 2021UITests" */;
			buildPhases = (
				CEF5E3A32756C2CB006DC3CD /* Sources */,
				CEF5E3A42756C2CB006DC3CD /* Frameworks */,
				CEF5E3A52756C2CB006DC3CD /* Resources */,
			);
			buildRules = (
			);
			dependencies = (
				CEF5E3A92756C2CB006DC3CD /* PBXTargetDependency */,
			);
			name = "AoC 2021UITests";
			productName = "AoC 2021UITests";
			productReference = CEF5E3A72756C2CB006DC3CD /* AoC 2021UITests.xctest */;
			productType = "com.apple.product-type.bundle.ui-testing";
		};
/* End PBXNativeTarget section */

/* Begin PBXProject section */
		CEF5E3852756C2CA006DC3CD /* Project object */ = {
			isa = PBXProject;
			attributes = {
				BuildIndependentTargetsInParallel = 1;
				LastSwiftUpdateCheck = 1310;
				LastUpgradeCheck = 1310;
				TargetAttributes = {
					CEF5E38C2756C2CA006DC3CD = {
						CreatedOnToolsVersion = 13.1;
					};
					CEF5E39C2756C2CB006DC3CD = {
						CreatedOnToolsVersion = 13.1;
						TestTargetID = CEF5E38C2756C2CA006DC3CD;
					};
					CEF5E3A62756C2CB006DC3CD = {
						CreatedOnToolsVersion = 13.1;
						TestTargetID = CEF5E38C2756C2CA006DC3CD;
					};
				};
			};
			buildConfigurationList = CEF5E3882756C2CA006DC3CD /* Build configuration list for PBXProject "AoC 2021" */;
			compatibilityVersion = "Xcode 13.0";
			developmentRegion = en;
			hasScannedForEncodings = 0;
			knownRegions = (
				en,
				Base,
			);
			mainGroup = CEF5E3842756C2CA006DC3CD;
			productRefGroup = CEF5E38E2756C2CA006DC3CD /* Products */;
			projectDirPath = "";
			projectRoot = "";
			targets = (
				CEF5E38C2756C2CA006DC3CD /* AoC 2021 */,
				CEF5E39C2756C2CB006DC3CD /* AoC 2021Tests */,
				CEF5E3A62756C2CB006DC3CD /* AoC 2021UITests */,
			);
		};
/* End PBXProject section */

/* Begin PBXResourcesBuildPhase section */
		CEF5E38B2756C2CA006DC3CD /* Resources */ = {
			isa = PBXResourcesBuildPhase;
			buildActionMask = 2147483647;
			files = (
				CEF5E3982756C2CA006DC3CD /* Preview Assets.xcassets in Resources */,
				CEF5E3952756C2CA006DC3CD /* Assets.xcassets in Resources */,
			);
			runOnlyForDeploymentPostprocessing = 0;
		};
		CEF5E39B2756C2CB006DC3CD /* Resources */ = {
			isa = PBXResourcesBuildPhase;
			buildActionMask = 2147483647;
			files = (
			);
			runOnlyForDeploymentPostprocessing = 0;
		};
		CEF5E3A52756C2CB006DC3CD /* Resources */ = {
			isa = PBXResourcesBuildPhase;
			buildActionMask = 2147483647;
			files = (
			);
			runOnlyForDeploymentPostprocessing = 0;
		};
/* End PBXResourcesBuildPhase section */

/* Begin PBXSourcesBuildPhase section */
		CEF5E3892756C2CA006DC3CD /* Sources */ = {
			isa = PBXSourcesBuildPhase;
			buildActionMask = 2147483647;
			files = (
				CE042F8F2756DC150029409B /* PuzzleRow.swift in Sources */,
				CEF5E3932756C2CA006DC3CD /* ContentView.swift in Sources */,
				CE042F862756D97F0029409B /* DetailView.swift in Sources */,
				CE042F8A2756DA0C0029409B /* Puzzle.swift in Sources */,
				CE042F8D2756DC090029409B /* PuzzleList.swift in Sources */,
				CEF5E3912756C2CA006DC3CD /* AoC_2021App.swift in Sources */,
			);
			runOnlyForDeploymentPostprocessing = 0;
		};
		CEF5E3992756C2CB006DC3CD /* Sources */ = {
			isa = PBXSourcesBuildPhase;
			buildActionMask = 2147483647;
			files = (
				CEF5E3A22756C2CB006DC3CD /* AoC_2021Tests.swift in Sources */,
			);
			runOnlyForDeploymentPostprocessing = 0;
		};
		CEF5E3A32756C2CB006DC3CD /* Sources */ = {
			isa = PBXSourcesBuildPhase;
			buildActionMask = 2147483647;
			files = (
				CEF5E3AE2756C2CB006DC3CD /* AoC_2021UITestsLaunchTests.swift in Sources */,
				CEF5E3AC2756C2CB006DC3CD /* AoC_2021UITests.swift in Sources */,
			);
			runOnlyForDeploymentPostprocessing = 0;
		};
/* End PBXSourcesBuildPhase section */

/* Begin PBXTargetDependency section */
		CEF5E39F2756C2CB006DC3CD /* PBXTargetDependency */ = {
			isa = PBXTargetDependency;
			target = CEF5E38C2756C2CA006DC3CD /* AoC 2021 */;
			targetProxy = CEF5E39E2756C2CB006DC3CD /* PBXContainerItemProxy */;
		};
		CEF5E3A92756C2CB006DC3CD /* PBXTargetDependency */ = {
			isa = PBXTargetDependency;
			target = CEF5E38C2756C2CA006DC3CD /* AoC 2021 */;
			targetProxy = CEF5E3A82756C2CB006DC3CD /* PBXContainerItemProxy */;
		};
/* End PBXTargetDependency section */

/* Begin XCBuildConfiguration section */
		CEF5E3AF2756C2CB006DC3CD /* Debug */ = {
			isa = XCBuildConfiguration;
			buildSettings = {
				ALWAYS_SEARCH_USER_PATHS = NO;
				CLANG_ANALYZER_NONNULL = YES;
				CLANG_ANALYZER_NUMBER_OBJECT_CONVERSION = YES_AGGRESSIVE;
				CLANG_CXX_LANGUAGE_STANDARD = "gnu++17";
				CLANG_CXX_LIBRARY = "libc++";
				CLANG_ENABLE_MODULES = YES;
				CLANG_ENABLE_OBJC_ARC = YES;
				CLANG_ENABLE_OBJC_WEAK = YES;
				CLANG_WARN_BLOCK_CAPTURE_AUTORELEASING = YES;
				CLANG_WARN_BOOL_CONVERSION = YES;
				CLANG_WARN_COMMA = YES;
				CLANG_WARN_CONSTANT_CONVERSION = YES;
				CLANG_WARN_DEPRECATED_OBJC_IMPLEMENTATIONS = YES;
				CLANG_WARN_DIRECT_OBJC_ISA_USAGE = YES_ERROR;
				CLANG_WARN_DOCUMENTATION_COMMENTS = YES;
				CLANG_WARN_EMPTY_BODY = YES;
				CLANG_WARN_ENUM_CONVERSION = YES;
				CLANG_WARN_INFINITE_RECURSION = YES;
				CLANG_WARN_INT_CONVERSION = YES;
				CLANG_WARN_NON_LITERAL_NULL_CONVERSION = YES;
				CLANG_WARN_OBJC_IMPLICIT_RETAIN_SELF = YES;
				CLANG_WARN_OBJC_LITERAL_CONVERSION = YES;
				CLANG_WARN_OBJC_ROOT_CLASS = YES_ERROR;
				CLANG_WARN_QUOTED_INCLUDE_IN_FRAMEWORK_HEADER = YES;
				CLANG_WARN_RANGE_LOOP_ANALYSIS = YES;
				CLANG_WARN_STRICT_PROTOTYPES = YES;
				CLANG_WARN_SUSPICIOUS_MOVE = YES;
				CLANG_WARN_UNGUARDED_AVAILABILITY = YES_AGGRESSIVE;
				CLANG_WARN_UNREACHABLE_CODE = YES;
				CLANG_WARN__DUPLICATE_METHOD_MATCH = YES;
				COPY_PHASE_STRIP = NO;
				DEBUG_INFORMATION_FORMAT = dwarf;
				ENABLE_STRICT_OBJC_MSGSEND = YES;
				ENABLE_TESTABILITY = YES;
				GCC_C_LANGUAGE_STANDARD = gnu11;
				GCC_DYNAMIC_NO_PIC = NO;
				GCC_NO_COMMON_BLOCKS = YES;
				GCC_OPTIMIZATION_LEVEL = 0;
				GCC_PREPROCESSOR_DEFINITIONS = (
					"DEBUG=1",
					"$(inherited)",
				);
				GCC_WARN_64_TO_32_BIT_CONVERSION = YES;
				GCC_WARN_ABOUT_RETURN_TYPE = YES_ERROR;
				GCC_WARN_UNDECLARED_SELECTOR = YES;
				GCC_WARN_UNINITIALIZED_AUTOS = YES_AGGRESSIVE;
				GCC_WARN_UNUSED_FUNCTION = YES;
				GCC_WARN_UNUSED_VARIABLE = YES;
				IPHONEOS_DEPLOYMENT_TARGET = 15.0;
				MTL_ENABLE_DEBUG_INFO = INCLUDE_SOURCE;
				MTL_FAST_MATH = YES;
				ONLY_ACTIVE_ARCH = YES;
				SDKROOT = iphoneos;
				SWIFT_ACTIVE_COMPILATION_CONDITIONS = DEBUG;
				SWIFT_OPTIMIZATION_LEVEL = "-Onone";
			};
			name = Debug;
		};
		CEF5E3B02756C2CB006DC3CD /* Release */ = {
			isa = XCBuildConfiguration;
			buildSettings = {
				ALWAYS_SEARCH_USER_PATHS = NO;
				CLANG_ANALYZER_NONNULL = YES;
				CLANG_ANALYZER_NUMBER_OBJECT_CONVERSION = YES_AGGRESSIVE;
				CLANG_CXX_LANGUAGE_STANDARD = "gnu++17";
				CLANG_CXX_LIBRARY = "libc++";
				CLANG_ENABLE_MODULES = YES;
				CLANG_ENABLE_OBJC_ARC = YES;
				CLANG_ENABLE_OBJC_WEAK = YES;
				CLANG_WARN_BLOCK_CAPTURE_AUTORELEASING = YES;
				CLANG_WARN_BOOL_CONVERSION = YES;
				CLANG_WARN_COMMA = YES;
				CLANG_WARN_CONSTANT_CONVERSION = YES;
				CLANG_WARN_DEPRECATED_OBJC_IMPLEMENTATIONS = YES;
				CLANG_WARN_DIRECT_OBJC_ISA_USAGE = YES_ERROR;
				CLANG_WARN_DOCUMENTATION_COMMENTS = YES;
				CLANG_WARN_EMPTY_BODY = YES;
				CLANG_WARN_ENUM_CONVERSION = YES;
				CLANG_WARN_INFINITE_RECURSION = YES;
				CLANG_WARN_INT_CONVERSION = YES;
				CLANG_WARN_NON_LITERAL_NULL_CONVERSION = YES;
				CLANG_WARN_OBJC_IMPLICIT_RETAIN_SELF = YES;
				CLANG_WARN_OBJC_LITERAL_CONVERSION = YES;
				CLANG_WARN_OBJC_ROOT_CLASS = YES_ERROR;
				CLANG_WARN_QUOTED_INCLUDE_IN_FRAMEWORK_HEADER = YES;
				CLANG_WARN_RANGE_LOOP_ANALYSIS = YES;
				CLANG_WARN_STRICT_PROTOTYPES = YES;
				CLANG_WARN_SUSPICIOUS_MOVE = YES;
				CLANG_WARN_UNGUARDED_AVAILABILITY = YES_AGGRESSIVE;
				CLANG_WARN_UNREACHABLE_CODE = YES;
				CLANG_WARN__DUPLICATE_METHOD_MATCH = YES;
				COPY_PHASE_STRIP = NO;
				DEBUG_INFORMATION_FORMAT = "dwarf-with-dsym";
				ENABLE_NS_ASSERTIONS = NO;
				ENABLE_STRICT_OBJC_MSGSEND = YES;
				GCC_C_LANGUAGE_STANDARD = gnu11;
				GCC_NO_COMMON_BLOCKS = YES;
				GCC_WARN_64_TO_32_BIT_CONVERSION = YES;
				GCC_WARN_ABOUT_RETURN_TYPE = YES_ERROR;
				GCC_WARN_UNDECLARED_SELECTOR = YES;
				GCC_WARN_UNINITIALIZED_AUTOS = YES_AGGRESSIVE;
				GCC_WARN_UNUSED_FUNCTION = YES;
				GCC_WARN_UNUSED_VARIABLE = YES;
				IPHONEOS_DEPLOYMENT_TARGET = 15.0;
				MTL_ENABLE_DEBUG_INFO = NO;
				MTL_FAST_MATH = YES;
				SDKROOT = iphoneos;
				SWIFT_COMPILATION_MODE = wholemodule;
				SWIFT_OPTIMIZATION_LEVEL = "-O";
				VALIDATE_PRODUCT = YES;
			};
			name = Release;
		};
		CEF5E3B22756C2CB006DC3CD /* Debug */ = {
			isa = XCBuildConfiguration;
			buildSettings = {
				ASSETCATALOG_COMPILER_APPICON_NAME = AppIcon;
				ASSETCATALOG_COMPILER_GLOBAL_ACCENT_COLOR_NAME = AccentColor;
				CODE_SIGN_STYLE = Automatic;
				CURRENT_PROJECT_VERSION = 1;
				DEVELOPMENT_ASSET_PATHS = "\"AoC 2021/Preview Content\"";
				ENABLE_PREVIEWS = YES;
				GENERATE_INFOPLIST_FILE = YES;
				INFOPLIST_KEY_UIApplicationSceneManifest_Generation = YES;
				INFOPLIST_KEY_UIApplicationSupportsIndirectInputEvents = YES;
				INFOPLIST_KEY_UILaunchScreen_Generation = YES;
				INFOPLIST_KEY_UISupportedInterfaceOrientations = UIInterfaceOrientationPortrait;
				INFOPLIST_KEY_UISupportedInterfaceOrientations_iPad = "UIInterfaceOrientationPortrait UIInterfaceOrientationPortraitUpsideDown UIInterfaceOrientationLandscapeLeft UIInterfaceOrientationLandscapeRight";
				INFOPLIST_KEY_UISupportedInterfaceOrientations_iPhone = "UIInterfaceOrientationPortrait UIInterfaceOrientationLandscapeLeft UIInterfaceOrientationLandscapeRight";
				LD_RUNPATH_SEARCH_PATHS = (
					"$(inherited)",
					"@executable_path/Frameworks",
				);
				MARKETING_VERSION = 1.0;
				PRODUCT_BUNDLE_IDENTIFIER = "bencetoth.AoC-2021";
				PRODUCT_NAME = "$(TARGET_NAME)";
				SWIFT_EMIT_LOC_STRINGS = YES;
				SWIFT_VERSION = 5.0;
				TARGETED_DEVICE_FAMILY = "1,2";
			};
			name = Debug;
		};
		CEF5E3B32756C2CB006DC3CD /* Release */ = {
			isa = XCBuildConfiguration;
			buildSettings = {
				ASSETCATALOG_COMPILER_APPICON_NAME = AppIcon;
				ASSETCATALOG_COMPILER_GLOBAL_ACCENT_COLOR_NAME = AccentColor;
				CODE_SIGN_STYLE = Automatic;
				CURRENT_PROJECT_VERSION = 1;
				DEVELOPMENT_ASSET_PATHS = "\"AoC 2021/Preview Content\"";
				ENABLE_PREVIEWS = YES;
				GENERATE_INFOPLIST_FILE = YES;
				INFOPLIST_KEY_UIApplicationSceneManifest_Generation = YES;
				INFOPLIST_KEY_UIApplicationSupportsIndirectInputEvents = YES;
				INFOPLIST_KEY_UILaunchScreen_Generation = YES;
				INFOPLIST_KEY_UISupportedInterfaceOrientations = UIInterfaceOrientationPortrait;
				INFOPLIST_KEY_UISupportedInterfaceOrientations_iPad = "UIInterfaceOrientationPortrait UIInterfaceOrientationPortraitUpsideDown UIInterfaceOrientationLandscapeLeft UIInterfaceOrientationLandscapeRight";
				INFOPLIST_KEY_UISupportedInterfaceOrientations_iPhone = "UIInterfaceOrientationPortrait UIInterfaceOrientationLandscapeLeft UIInterfaceOrientationLandscapeRight";
				LD_RUNPATH_SEARCH_PATHS = (
					"$(inherited)",
					"@executable_path/Frameworks",
				);
				MARKETING_VERSION = 1.0;
				PRODUCT_BUNDLE_IDENTIFIER = "bencetoth.AoC-2021";
				PRODUCT_NAME = "$(TARGET_NAME)";
				SWIFT_EMIT_LOC_STRINGS = YES;
				SWIFT_VERSION = 5.0;
				TARGETED_DEVICE_FAMILY = "1,2";
			};
			name = Release;
		};
		CEF5E3B52756C2CB006DC3CD /* Debug */ = {
			isa = XCBuildConfiguration;
			buildSettings = {
				ALWAYS_EMBED_SWIFT_STANDARD_LIBRARIES = YES;
				BUNDLE_LOADER = "$(TEST_HOST)";
				CODE_SIGN_STYLE = Automatic;
				CURRENT_PROJECT_VERSION = 1;
				GENERATE_INFOPLIST_FILE = YES;
				IPHONEOS_DEPLOYMENT_TARGET = 15.0;
				LD_RUNPATH_SEARCH_PATHS = (
					"$(inherited)",
					"@executable_path/Frameworks",
					"@loader_path/Frameworks",
				);
				MARKETING_VERSION = 1.0;
				PRODUCT_BUNDLE_IDENTIFIER = "bencetoth.AoC-2021Tests";
				PRODUCT_NAME = "$(TARGET_NAME)";
				SWIFT_EMIT_LOC_STRINGS = NO;
				SWIFT_VERSION = 5.0;
				TARGETED_DEVICE_FAMILY = "1,2";
				TEST_HOST = "$(BUILT_PRODUCTS_DIR)/AoC 2021.app/AoC 2021";
			};
			name = Debug;
		};
		CEF5E3B62756C2CB006DC3CD /* Release */ = {
			isa = XCBuildConfiguration;
			buildSettings = {
				ALWAYS_EMBED_SWIFT_STANDARD_LIBRARIES = YES;
				BUNDLE_LOADER = "$(TEST_HOST)";
				CODE_SIGN_STYLE = Automatic;
				CURRENT_PROJECT_VERSION = 1;
				GENERATE_INFOPLIST_FILE = YES;
				IPHONEOS_DEPLOYMENT_TARGET = 15.0;
				LD_RUNPATH_SEARCH_PATHS = (
					"$(inherited)",
					"@executable_path/Frameworks",
					"@loader_path/Frameworks",
				);
				MARKETING_VERSION = 1.0;
				PRODUCT_BUNDLE_IDENTIFIER = "bencetoth.AoC-2021Tests";
				PRODUCT_NAME = "$(TARGET_NAME)";
				SWIFT_EMIT_LOC_STRINGS = NO;
				SWIFT_VERSION = 5.0;
				TARGETED_DEVICE_FAMILY = "1,2";
				TEST_HOST = "$(BUILT_PRODUCTS_DIR)/AoC 2021.app/AoC 2021";
			};
			name = Release;
		};
		CEF5E3B82756C2CB006DC3CD /* Debug */ = {
			isa = XCBuildConfiguration;
			buildSettings = {
				ALWAYS_EMBED_SWIFT_STANDARD_LIBRARIES = YES;
				CODE_SIGN_STYLE = Automatic;
				CURRENT_PROJECT_VERSION = 1;
				GENERATE_INFOPLIST_FILE = YES;
				LD_RUNPATH_SEARCH_PATHS = (
					"$(inherited)",
					"@executable_path/Frameworks",
					"@loader_path/Frameworks",
				);
				MARKETING_VERSION = 1.0;
				PRODUCT_BUNDLE_IDENTIFIER = "bencetoth.AoC-2021UITests";
				PRODUCT_NAME = "$(TARGET_NAME)";
				SWIFT_EMIT_LOC_STRINGS = NO;
				SWIFT_VERSION = 5.0;
				TARGETED_DEVICE_FAMILY = "1,2";
				TEST_TARGET_NAME = "AoC 2021";
			};
			name = Debug;
		};
		CEF5E3B92756C2CB006DC3CD /* Release */ = {
			isa = XCBuildConfiguration;
			buildSettings = {
				ALWAYS_EMBED_SWIFT_STANDARD_LIBRARIES = YES;
				CODE_SIGN_STYLE = Automatic;
				CURRENT_PROJECT_VERSION = 1;
				GENERATE_INFOPLIST_FILE = YES;
				LD_RUNPATH_SEARCH_PATHS = (
					"$(inherited)",
					"@executable_path/Frameworks",
					"@loader_path/Frameworks",
				);
				MARKETING_VERSION = 1.0;
				PRODUCT_BUNDLE_IDENTIFIER = "bencetoth.AoC-2021UITests";
				PRODUCT_NAME = "$(TARGET_NAME)";
				SWIFT_EMIT_LOC_STRINGS = NO;
				SWIFT_VERSION = 5.0;
				TARGETED_DEVICE_FAMILY = "1,2";
				TEST_TARGET_NAME = "AoC 2021";
			};
			name = Release;
		};
/* End XCBuildConfiguration section */

/* Begin XCConfigurationList section */
		CEF5E3882756C2CA006DC3CD /* Build configuration list for PBXProject "AoC 2021" */ = {
			isa = XCConfigurationList;
			buildConfigurations = (
				CEF5E3AF2756C2CB006DC3CD /* Debug */,
				CEF5E3B02756C2CB006DC3CD /* Release */,
			);
			defaultConfigurationIsVisible = 0;
			defaultConfigurationName = Release;
		};
		CEF5E3B12756C2CB006DC3CD /* Build configuration list for PBXNativeTarget "AoC 2021" */ = {
			isa = XCConfigurationList;
			buildConfigurations = (
				CEF5E3B22756C2CB006DC3CD /* Debug */,
				CEF5E3B32756C2CB006DC3CD /* Release */,
			);
			defaultConfigurationIsVisible = 0;
			defaultConfigurationName = Release;
		};
		CEF5E3B42756C2CB006DC3CD /* Build configuration list for PBXNativeTarget "AoC 2021Tests" */ = {
			isa = XCConfigurationList;
			buildConfigurations = (
				CEF5E3B52756C2CB006DC3CD /* Debug */,
				CEF5E3B62756C2CB006DC3CD /* Release */,
			);
			defaultConfigurationIsVisible = 0;
			defaultConfigurationName = Release;
		};
		CEF5E3B72756C2CB006DC3CD /* Build configuration list for PBXNativeTarget "AoC 2021UITests" */ = {
			isa = XCConfigurationList;
			buildConfigurations = (
				CEF5E3B82756C2CB006DC3CD /* Debug */,
				CEF5E3B92756C2CB006DC3CD /* Release */,
			);
			defaultConfigurationIsVisible = 0;
			defaultConfigurationName = Release;
		};
/* End XCConfigurationList section */
	};
	rootObject = CEF5E3852756C2CA006DC3CD /* Project object */;
}
